// !$*UTF8*$!
{
	archiveVersion = 1;
	classes = {
	};
	objectVersion = 46;
	objects = {

/* Begin PBXBuildFile section */
		0D33571D1AABF5B3001AD795 /* AppDelegate.swift in Sources */ = {isa = PBXBuildFile; fileRef = 0D33571C1AABF5B3001AD795 /* AppDelegate.swift */; };
		0D33571F1AABF5B3001AD795 /* ViewController.swift in Sources */ = {isa = PBXBuildFile; fileRef = 0D33571E1AABF5B3001AD795 /* ViewController.swift */; };
		0D3357221AABF5B3001AD795 /* Main.storyboard in Resources */ = {isa = PBXBuildFile; fileRef = 0D3357201AABF5B3001AD795 /* Main.storyboard */; };
		0D3357241AABF5B3001AD795 /* Images.xcassets in Resources */ = {isa = PBXBuildFile; fileRef = 0D3357231AABF5B3001AD795 /* Images.xcassets */; };
		0D3357271AABF5B3001AD795 /* LaunchScreen.xib in Resources */ = {isa = PBXBuildFile; fileRef = 0D3357251AABF5B3001AD795 /* LaunchScreen.xib */; };
		0D3357331AABF5B3001AD795 /* Post_CardTests.swift in Sources */ = {isa = PBXBuildFile; fileRef = 0D3357321AABF5B3001AD795 /* Post_CardTests.swift */; };
/* End PBXBuildFile section */

/* Begin PBXContainerItemProxy section */
		0D33572D1AABF5B3001AD795 /* PBXContainerItemProxy */ = {
			isa = PBXContainerItemProxy;
			containerPortal = 0D33570F1AABF5B3001AD795 /* Project object */;
			proxyType = 1;
			remoteGlobalIDString = 0D3357161AABF5B3001AD795;
			remoteInfo = "Post Card";
		};
/* End PBXContainerItemProxy section */

/* Begin PBXFileReference section */
		0D3357171AABF5B3001AD795 /* Post Card.app */ = {isa = PBXFileReference; explicitFileType = wrapper.application; includeInIndex = 0; path = "Post Card.app"; sourceTree = BUILT_PRODUCTS_DIR; };
		0D33571B1AABF5B3001AD795 /* Info.plist */ = {isa = PBXFileReference; lastKnownFileType = text.plist.xml; path = Info.plist; sourceTree = "<group>"; };
		0D33571C1AABF5B3001AD795 /* AppDelegate.swift */ = {isa = PBXFileReference; lastKnownFileType = sourcecode.swift; path = AppDelegate.swift; sourceTree = "<group>"; };
		0D33571E1AABF5B3001AD795 /* ViewController.swift */ = {isa = PBXFileReference; lastKnownFileType = sourcecode.swift; path = ViewController.swift; sourceTree = "<group>"; };
		0D3357211AABF5B3001AD795 /* Base */ = {isa = PBXFileReference; lastKnownFileType = file.storyboard; name = Base; path = Base.lproj/Main.storyboard; sourceTree = "<group>"; };
		0D3357231AABF5B3001AD795 /* Images.xcassets */ = {isa = PBXFileReference; lastKnownFileType = folder.assetcatalog; path = Images.xcassets; sourceTree = "<group>"; };
		0D3357261AABF5B3001AD795 /* Base */ = {isa = PBXFileReference; lastKnownFileType = file.xib; name = Base; path = Base.lproj/LaunchScreen.xib; sourceTree = "<group>"; };
		0D33572C1AABF5B3001AD795 /* Post CardTests.xctest */ = {isa = PBXFileReference; explicitFileType = wrapper.cfbundle; includeInIndex = 0; path = "Post CardTests.xctest"; sourceTree = BUILT_PRODUCTS_DIR; };
		0D3357311AABF5B3001AD795 /* Info.plist */ = {isa = PBXFileReference; lastKnownFileType = text.plist.xml; path = Info.plist; sourceTree = "<group>"; };
		0D3357321AABF5B3001AD795 /* Post_CardTests.swift */ = {isa = PBXFileReference; lastKnownFileType = sourcecode.swift; path = Post_CardTests.swift; sourceTree = "<group>"; };
/* End PBXFileReference section */

/* Begin PBXFrameworksBuildPhase section */
		0D3357141AABF5B3001AD795 /* Frameworks */ = {
			isa = PBXFrameworksBuildPhase;
			buildActionMask = 2147483647;
			files = (
			);
			runOnlyForDeploymentPostprocessing = 0;
		};
		0D3357291AABF5B3001AD795 /* Frameworks */ = {
			isa = PBXFrameworksBuildPhase;
			buildActionMask = 2147483647;
			files = (
			);
			runOnlyForDeploymentPostprocessing = 0;
		};
/* End PBXFrameworksBuildPhase section */

/* Begin PBXGroup section */
		0D33570E1AABF5B3001AD795 = {
			isa = PBXGroup;
			children = (
				0D3357191AABF5B3001AD795 /* Post Card */,
				0D33572F1AABF5B3001AD795 /* Post CardTests */,
				0D3357181AABF5B3001AD795 /* Products */,
			);
			sourceTree = "<group>";
		};
		0D3357181AABF5B3001AD795 /* Products */ = {
			isa = PBXGroup;
			children = (
				0D3357171AABF5B3001AD795 /* Post Card.app */,
				0D33572C1AABF5B3001AD795 /* Post CardTests.xctest */,
			);
			name = Products;
			sourceTree = "<group>";
		};
		0D3357191AABF5B3001AD795 /* Post Card */ = {
			isa = PBXGroup;
			children = (
				0D33571C1AABF5B3001AD795 /* AppDelegate.swift */,
				0D33571E1AABF5B3001AD795 /* ViewController.swift */,
				0D3357201AABF5B3001AD795 /* Main.storyboard */,
				0D3357231AABF5B3001AD795 /* Images.xcassets */,
				0D3357251AABF5B3001AD795 /* LaunchScreen.xib */,
				0D33571A1AABF5B3001AD795 /* Supporting Files */,
			);
			path = "Post Card";
			sourceTree = "<group>";
		};
		0D33571A1AABF5B3001AD795 /* Supporting Files */ = {
			isa = PBXGroup;
			children = (
				0D33571B1AABF5B3001AD795 /* Info.plist */,
			);
			name = "Supporting Files";
			sourceTree = "<group>";
		};
		0D33572F1AABF5B3001AD795 /* Post CardTests */ = {
			isa = PBXGroup;
			children = (
				0D3357321AABF5B3001AD795 /* Post_CardTests.swift */,
				0D3357301AABF5B3001AD795 /* Supporting Files */,
			);
			path = "Post CardTests";
			sourceTree = "<group>";
		};
		0D3357301AABF5B3001AD795 /* Supporting Files */ = {
			isa = PBXGroup;
			children = (
				0D3357311AABF5B3001AD795 /* Info.plist */,
			);
			name = "Supporting Files";
			sourceTree = "<group>";
		};
/* End PBXGroup section */

/* Begin PBXNativeTarget section */
		0D3357161AABF5B3001AD795 /* Post Card */ = {
			isa = PBXNativeTarget;
			buildConfigurationList = 0D3357361AABF5B3001AD795 /* Build configuration list for PBXNativeTarget "Post Card" */;
			buildPhases = (
				0D3357131AABF5B3001AD795 /* Sources */,
				0D3357141AABF5B3001AD795 /* Frameworks */,
				0D3357151AABF5B3001AD795 /* Resources */,
			);
			buildRules = (
			);
			dependencies = (
			);
			name = "Post Card";
			productName = "Post Card";
			productReference = 0D3357171AABF5B3001AD795 /* Post Card.app */;
			productType = "com.apple.product-type.application";
		};
		0D33572B1AABF5B3001AD795 /* Post CardTests */ = {
			isa = PBXNativeTarget;
			buildConfigurationList = 0D3357391AABF5B3001AD795 /* Build configuration list for PBXNativeTarget "Post CardTests" */;
			buildPhases = (
				0D3357281AABF5B3001AD795 /* Sources */,
				0D3357291AABF5B3001AD795 /* Frameworks */,
				0D33572A1AABF5B3001AD795 /* Resources */,
			);
			buildRules = (
			);
			dependencies = (
				0D33572E1AABF5B3001AD795 /* PBXTargetDependency */,
			);
			name = "Post CardTests";
			productName = "Post CardTests";
			productReference = 0D33572C1AABF5B3001AD795 /* Post CardTests.xctest */;
			productType = "com.apple.product-type.bundle.unit-test";
		};
/* End PBXNativeTarget section */

/* Begin PBXProject section */
		0D33570F1AABF5B3001AD795 /* Project object */ = {
			isa = PBXProject;
			attributes = {
				LastUpgradeCheck = 0610;
				ORGANIZATIONNAME = "Power Only Transit";
				TargetAttributes = {
					0D3357161AABF5B3001AD795 = {
						CreatedOnToolsVersion = 6.1.1;
					};
					0D33572B1AABF5B3001AD795 = {
						CreatedOnToolsVersion = 6.1.1;
						TestTargetID = 0D3357161AABF5B3001AD795;
					};
				};
			};
			buildConfigurationList = 0D3357121AABF5B3001AD795 /* Build configuration list for PBXProject "Post Card" */;
			compatibilityVersion = "Xcode 3.2";
			developmentRegion = English;
			hasScannedForEncodings = 0;
			knownRegions = (
				en,
				Base,
			);
			mainGroup = 0D33570E1AABF5B3001AD795;
			productRefGroup = 0D3357181AABF5B3001AD795 /* Products */;
			projectDirPath = "";
			projectRoot = "";
			targets = (
				0D3357161AABF5B3001AD795 /* Post Card */,
				0D33572B1AABF5B3001AD795 /* Post CardTests */,
			);
		};
/* End PBXProject section */

/* Begin PBXResourcesBuildPhase section */
		0D3357151AABF5B3001AD795 /* Resources */ = {
			isa = PBXResourcesBuildPhase;
			buildActionMask = 2147483647;
			files = (
				0D3357221AABF5B3001AD795 /* Main.storyboard in Resources */,
				0D3357271AABF5B3001AD795 /* LaunchScreen.xib in Resources */,
				0D3357241AABF5B3001AD795 /* Images.xcassets in Resources */,
			);
			runOnlyForDeploymentPostprocessing = 0;
		};
		0D33572A1AABF5B3001AD795 /* Resources */ = {
			isa = PBXResourcesBuildPhase;
			buildActionMask = 2147483647;
			files = (
			);
			runOnlyForDeploymentPostprocessing = 0;
		};
/* End PBXResourcesBuildPhase section */

/* Begin PBXSourcesBuildPhase section */
		0D3357131AABF5B3001AD795 /* Sources */ = {
			isa = PBXSourcesBuildPhase;
			buildActionMask = 2147483647;
			files = (
				0D33571F1AABF5B3001AD795 /* ViewController.swift in Sources */,
				0D33571D1AABF5B3001AD795 /* AppDelegate.swift in Sources */,
			);
			runOnlyForDeploymentPostprocessing = 0;
		};
		0D3357281AABF5B3001AD795 /* Sources */ = {
			isa = PBXSourcesBuildPhase;
			buildActionMask = 2147483647;
			files = (
				0D3357331AABF5B3001AD795 /* Post_CardTests.swift in Sources */,
			);
			runOnlyForDeploymentPostprocessing = 0;
		};
/* End PBXSourcesBuildPhase section */

/* Begin PBXTargetDependency section */
		0D33572E1AABF5B3001AD795 /* PBXTargetDependency */ = {
			isa = PBXTargetDependency;
			target = 0D3357161AABF5B3001AD795 /* Post Card */;
			targetProxy = 0D33572D1AABF5B3001AD795 /* PBXContainerItemProxy */;
		};
/* End PBXTargetDependency section */

/* Begin PBXVariantGroup section */
		0D3357201AABF5B3001AD795 /* Main.storyboard */ = {
			isa = PBXVariantGroup;
			children = (
				0D3357211AABF5B3001AD795 /* Base */,
			);
			name = Main.storyboard;
			sourceTree = "<group>";
		};
		0D3357251AABF5B3001AD795 /* LaunchScreen.xib */ = {
			isa = PBXVariantGroup;
			children = (
				0D3357261AABF5B3001AD795 /* Base */,
			);
			name = LaunchScreen.xib;
			sourceTree = "<group>";
		};
/* End PBXVariantGroup section */

/* Begin XCBuildConfiguration section */
		0D3357341AABF5B3001AD795 /* Debug */ = {
			isa = XCBuildConfiguration;
			buildSettings = {
				ALWAYS_SEARCH_USER_PATHS = NO;
				CLANG_CXX_LANGUAGE_STANDARD = "gnu++0x";
				CLANG_CXX_LIBRARY = "libc++";
				CLANG_ENABLE_MODULES = YES;
				CLANG_ENABLE_OBJC_ARC = YES;
				CLANG_WARN_BOOL_CONVERSION = YES;
				CLANG_WARN_CONSTANT_CONVERSION = YES;
				CLANG_WARN_DIRECT_OBJC_ISA_USAGE = YES_ERROR;
				CLANG_WARN_EMPTY_BODY = YES;
				CLANG_WARN_ENUM_CONVERSION = YES;
				CLANG_WARN_INT_CONVERSION = YES;
				CLANG_WARN_OBJC_ROOT_CLASS = YES_ERROR;
				CLANG_WARN_UNREACHABLE_CODE = YES;
				CLANG_WARN__DUPLICATE_METHOD_MATCH = YES;
				"CODE_SIGN_IDENTITY[sdk=iphoneos*]" = "iPhone Developer";
				COPY_PHASE_STRIP = NO;
				ENABLE_STRICT_OBJC_MSGSEND = YES;
				GCC_C_LANGUAGE_STANDARD = gnu99;
				GCC_DYNAMIC_NO_PIC = NO;
				GCC_OPTIMIZATION_LEVEL = 0;
				GCC_PREPROCESSOR_DEFINITIONS = (
					"DEBUG=1",
					"$(inherited)",
				);
				GCC_SYMBOLS_PRIVATE_EXTERN = NO;
				GCC_WARN_64_TO_32_BIT_CONVERSION = YES;
				GCC_WARN_ABOUT_RETURN_TYPE = YES_ERROR;
				GCC_WARN_UNDECLARED_SELECTOR = YES;
				GCC_WARN_UNINITIALIZED_AUTOS = YES_AGGRESSIVE;
				GCC_WARN_UNUSED_FUNCTION = YES;
				GCC_WARN_UNUSED_VARIABLE = YES;
				IPHONEOS_DEPLOYMENT_TARGET = 8.1;
				MTL_ENABLE_DEBUG_INFO = YES;
				ONLY_ACTIVE_ARCH = YES;
				SDKROOT = iphoneos;
				SWIFT_OPTIMIZATION_LEVEL = "-Onone";
				TARGETED_DEVICE_FAMILY = "1,2";
			};
			name = Debug;
		};
		0D3357351AABF5B3001AD795 /* Release */ = {
			isa = XCBuildConfiguration;
			buildSettings = {
				ALWAYS_SEARCH_USER_PATHS = NO;
				CLANG_CXX_LANGUAGE_STANDARD = "gnu++0x";
				CLANG_CXX_LIBRARY = "libc++";
				CLANG_ENABLE_MODULES = YES;
				CLANG_ENABLE_OBJC_ARC = YES;
				CLANG_WARN_BOOL_CONVERSION = YES;
				CLANG_WARN_CONSTANT_CONVERSION = YES;
				CLANG_WARN_DIRECT_OBJC_ISA_USAGE = YES_ERROR;
				CLANG_WARN_EMPTY_BODY = YES;
				CLANG_WARN_ENUM_CONVERSION = YES;
				CLANG_WARN_INT_CONVERSION = YES;
				CLANG_WARN_OBJC_ROOT_CLASS = YES_ERROR;
				CLANG_WARN_UNREACHABLE_CODE = YES;
				CLANG_WARN__DUPLICATE_METHOD_MATCH = YES;
				"CODE_SIGN_IDENTITY[sdk=iphoneos*]" = "iPhone Developer";
				COPY_PHASE_STRIP = YES;
				ENABLE_NS_ASSERTIONS = NO;
				ENABLE_STRICT_OBJC_MSGSEND = YES;
				GCC_C_LANGUAGE_STANDARD = gnu99;
				GCC_WARN_64_TO_32_BIT_CONVERSION = YES;
				GCC_WARN_ABOUT_RETURN_TYPE = YES_ERROR;
				GCC_WARN_UNDECLARED_SELECTOR = YES;
				GCC_WARN_UNINITIALIZED_AUTOS = YES_AGGRESSIVE;
				GCC_WARN_UNUSED_FUNCTION = YES;
				GCC_WARN_UNUSED_VARIABLE = YES;
				IPHONEOS_DEPLOYMENT_TARGET = 8.1;
				MTL_ENABLE_DEBUG_INFO = NO;
				SDKROOT = iphoneos;
				TARGETED_DEVICE_FAMILY = "1,2";
				VALIDATE_PRODUCT = YES;
			};
			name = Release;
		};
		0D3357371AABF5B3001AD795 /* Debug */ = {
			isa = XCBuildConfiguration;
			buildSettings = {
				ASSETCATALOG_COMPILER_APPICON_NAME = AppIcon;
				INFOPLIST_FILE = "Post Card/Info.plist";
				LD_RUNPATH_SEARCH_PATHS = "$(inherited) @executable_path/Frameworks";
				PRODUCT_NAME = "$(TARGET_NAME)";
			};
			name = Debug;
		};
		0D3357381AABF5B3001AD795 /* Release */ = {
			isa = XCBuildConfiguration;
			buildSettings = {
				ASSETCATALOG_COMPILER_APPICON_NAME = AppIcon;
				INFOPLIST_FILE = "Post Card/Info.plist";
				LD_RUNPATH_SEARCH_PATHS = "$(inherited) @executable_path/Frameworks";
				PRODUCT_NAME = "$(TARGET_NAME)";
			};
			name = Release;
		};
		0D33573A1AABF5B3001AD795 /* Debug */ = {
			isa = XCBuildConfiguration;
			buildSettings = {
				BUNDLE_LOADER = "$(TEST_HOST)";
				FRAMEWORK_SEARCH_PATHS = (
					"$(SDKROOT)/Developer/Library/Frameworks",
					"$(inherited)",
				);
				GCC_PREPROCESSOR_DEFINITIONS = (
					"DEBUG=1",
					"$(inherited)",
				);
				INFOPLIST_FILE = "Post CardTests/Info.plist";
				LD_RUNPATH_SEARCH_PATHS = "$(inherited) @executable_path/Frameworks @loader_path/Frameworks";
				PRODUCT_NAME = "$(TARGET_NAME)";
				TEST_HOST = "$(BUILT_PRODUCTS_DIR)/Post Card.app/Post Card";
			};
			name = Debug;
		};
		0D33573B1AABF5B3001AD795 /* Release */ = {
			isa = XCBuildConfiguration;
			buildSettings = {
				BUNDLE_LOADER = "$(TEST_HOST)";
				FRAMEWORK_SEARCH_PATHS = (
					"$(SDKROOT)/Developer/Library/Frameworks",
					"$(inherited)",
				);
				INFOPLIST_FILE = "Post CardTests/Info.plist";
				LD_RUNPATH_SEARCH_PATHS = "$(inherited) @executable_path/Frameworks @loader_path/Frameworks";
				PRODUCT_NAME = "$(TARGET_NAME)";
				TEST_HOST = "$(BUILT_PRODUCTS_DIR)/Post Card.app/Post Card";
			};
			name = Release;
		};
/* End XCBuildConfiguration section */

/* Begin XCConfigurationList section */
		0D3357121AABF5B3001AD795 /* Build configuration list for PBXProject "Post Card" */ = {
			isa = XCConfigurationList;
			buildConfigurations = (
				0D3357341AABF5B3001AD795 /* Debug */,
				0D3357351AABF5B3001AD795 /* Release */,
			);
			defaultConfigurationIsVisible = 0;
			defaultConfigurationName = Release;
		};
		0D3357361AABF5B3001AD795 /* Build configuration list for PBXNativeTarget "Post Card" */ = {
			isa = XCConfigurationList;
			buildConfigurations = (
				0D3357371AABF5B3001AD795 /* Debug */,
				0D3357381AABF5B3001AD795 /* Release */,
			);
			defaultConfigurationIsVisible = 0;
		};
		0D3357391AABF5B3001AD795 /* Build configuration list for PBXNativeTarget "Post CardTests" */ = {
			isa = XCConfigurationList;
			buildConfigurations = (
				0D33573A1AABF5B3001AD795 /* Debug */,
				0D33573B1AABF5B3001AD795 /* Release */,
			);
			defaultConfigurationIsVisible = 0;
		};
/* End XCConfigurationList section */
	};
	rootObject = 0D33570F1AABF5B3001AD795 /* Project object */;
}
